
Microsoft Visual Studio Solution File, Format Version 12.00
# Visual Studio Version 17
VisualStudioVersion = 17.7.34031.279
MinimumVisualStudioVersion = 10.0.40219.1
Project("{8BC9CEB8-8B4A-11D0-8D11-00A0C91BC942}") = "에코 서버", "에코 서버\에코 서버.vcxproj", "{08991693-B494-4124-8E9E-15A2A6EE6D43}"
EndProject
Project("{8BC9CEB8-8B4A-11D0-8D11-00A0C91BC942}") = "에코 클라이언트", "에코 클라이언트\에코 클라이언트.vcxproj", "{027DB6CF-2341-4454-B223-30622C7F7D62}"
EndProject
Project("{8BC9CEB8-8B4A-11D0-8D11-00A0C91BC942}") = "WinSock", "WinSock\WinSock.vcxproj", "{FBE5CA35-F662-4EDA-A862-91F753E021AA}"
EndProject
Global
	GlobalSection(SolutionConfigurationPlatforms) = preSolution
		Debug|x64 = Debug|x64
		Debug|x86 = Debug|x86
		Release|x64 = Release|x64
		Release|x86 = Release|x86
	EndGlobalSection
	GlobalSection(ProjectConfigurationPlatforms) = postSolution
		{08991693-B494-4124-8E9E-15A2A6EE6D43}.Debug|x64.ActiveCfg = Debug|x64
		{08991693-B494-4124-8E9E-15A2A6EE6D43}.Debug|x64.Build.0 = Debug|x64
		{08991693-B494-4124-8E9E-15A2A6EE6D43}.Debug|x86.ActiveCfg = Debug|Win32
		{08991693-B494-4124-8E9E-15A2A6EE6D43}.Debug|x86.Build.0 = Debug|Win32
		{08991693-B494-4124-8E9E-15A2A6EE6D43}.Release|x64.ActiveCfg = Release|x64
		{08991693-B494-4124-8E9E-15A2A6EE6D43}.Release|x64.Build.0 = Release|x64
		{08991693-B494-4124-8E9E-15A2A6EE6D43}.Release|x86.ActiveCfg = Release|Win32
		{08991693-B494-4124-8E9E-15A2A6EE6D43}.Release|x86.Build.0 = Release|Win32
		{027DB6CF-2341-4454-B223-30622C7F7D62}.Debug|x64.ActiveCfg = Debug|x64
		{027DB6CF-2341-4454-B223-30622C7F7D62}.Debug|x64.Build.0 = Debug|x64
		{027DB6CF-2341-4454-B223-30622C7F7D62}.Debug|x86.ActiveCfg = Debug|Win32
		{027DB6CF-2341-4454-B223-30622C7F7D62}.Debug|x86.Build.0 = Debug|Win32
		{027DB6CF-2341-4454-B223-30622C7F7D62}.Release|x64.ActiveCfg = Release|x64
		{027DB6CF-2341-4454-B223-30622C7F7D62}.Release|x64.Build.0 = Release|x64
		{027DB6CF-2341-4454-B223-30622C7F7D62}.Release|x86.ActiveCfg = Release|Win32
		{027DB6CF-2341-4454-B223-30622C7F7D62}.Release|x86.Build.0 = Release|Win32
		{FBE5CA35-F662-4EDA-A862-91F753E021AA}.Debug|x64.ActiveCfg = Debug|x64
		{FBE5CA35-F662-4EDA-A862-91F753E021AA}.Debug|x64.Build.0 = Debug|x64
		{FBE5CA35-F662-4EDA-A862-91F753E021AA}.Debug|x86.ActiveCfg = Debug|Win32
		{FBE5CA35-F662-4EDA-A862-91F753E021AA}.Debug|x86.Build.0 = Debug|Win32
		{FBE5CA35-F662-4EDA-A862-91F753E021AA}.Release|x64.ActiveCfg = Release|x64
		{FBE5CA35-F662-4EDA-A862-91F753E021AA}.Release|x64.Build.0 = Release|x64
		{FBE5CA35-F662-4EDA-A862-91F753E021AA}.Release|x86.ActiveCfg = Release|Win32
		{FBE5CA35-F662-4EDA-A862-91F753E021AA}.Release|x86.Build.0 = Release|Win32
	EndGlobalSection
	GlobalSection(SolutionProperties) = preSolution
		HideSolutionNode = FALSE
	EndGlobalSection
	GlobalSection(ExtensibilityGlobals) = postSolution
		SolutionGuid = {76B26E96-0626-4021-99F5-F4BCD94BDC95}
	EndGlobalSection
EndGlobal
